
Microsoft Visual Studio Solution File, Format Version 12.00
# Visual Studio Version 17
VisualStudioVersion = 17.9.34728.123
MinimumVisualStudioVersion = 10.0.40219.1
Project("{FAE04EC0-301F-11D3-BF4B-00C04F79EFBC}") = "Selenium", "Selenium\Selenium.csproj", "{F6556CFA-6DB7-4BE4-A7A3-2C93C23BB3CD}"
EndProject
Global
	GlobalSection(SolutionConfigurationPlatforms) = preSolution
		Debug|Any CPU = Debug|Any CPU
		Release|Any CPU = Release|Any CPU
	EndGlobalSection
	GlobalSection(ProjectConfigurationPlatforms) = postSolution
		{F6556CFA-6DB7-4BE4-A7A3-2C93C23BB3CD}.Debug|Any CPU.ActiveCfg = Debug|Any CPU
		{F6556CFA-6DB7-4BE4-A7A3-2C93C23BB3CD}.Debug|Any CPU.Build.0 = Debug|Any CPU
		{F6556CFA-6DB7-4BE4-A7A3-2C93C23BB3CD}.Release|Any CPU.ActiveCfg = Release|Any CPU
		{F6556CFA-6DB7-4BE4-A7A3-2C93C23BB3CD}.Release|Any CPU.Build.0 = Release|Any CPU
	EndGlobalSection
	GlobalSection(SolutionProperties) = preSolution
		HideSolutionNode = FALSE
	EndGlobalSection
	GlobalSection(ExtensibilityGlobals) = postSolution
		SolutionGuid = {96CA6AD1-EDC3-4695-9B06-464A99DAD824}
	EndGlobalSection
EndGlobal
